
Microsoft Visual Studio Solution File, Format Version 12.00
# Visual Studio Version 17
VisualStudioVersion = 17.11.35303.130
MinimumVisualStudioVersion = 10.0.40219.1
Project("{FAE04EC0-301F-11D3-BF4B-00C04F79EFBC}") = "ThucHanhWebMVC", "ThucHanhWebMVC\ThucHanhWebMVC.csproj", "{57404731-09FA-4E4C-952C-A883B9E28B00}"
EndProject
Global
	GlobalSection(SolutionConfigurationPlatforms) = preSolution
		Debug|Any CPU = Debug|Any CPU
		Release|Any CPU = Release|Any CPU
	EndGlobalSection
	GlobalSection(ProjectConfigurationPlatforms) = postSolution
		{57404731-09FA-4E4C-952C-A883B9E28B00}.Debug|Any CPU.ActiveCfg = Debug|Any CPU
		{57404731-09FA-4E4C-952C-A883B9E28B00}.Debug|Any CPU.Build.0 = Debug|Any CPU
		{57404731-09FA-4E4C-952C-A883B9E28B00}.Release|Any CPU.ActiveCfg = Release|Any CPU
		{57404731-09FA-4E4C-952C-A883B9E28B00}.Release|Any CPU.Build.0 = Release|Any CPU
	EndGlobalSection
	GlobalSection(SolutionProperties) = preSolution
		HideSolutionNode = FALSE
	EndGlobalSection
	GlobalSection(ExtensibilityGlobals) = postSolution
		SolutionGuid = {D6A9300B-699C-4147-8515-238C65BB89DF}
	EndGlobalSection
EndGlobal
