
Microsoft Visual Studio Solution File, Format Version 12.00
# Visual Studio Version 17
VisualStudioVersion = 17.11.35431.28
MinimumVisualStudioVersion = 10.0.40219.1
Project("{FAE04EC0-301F-11D3-BF4B-00C04F79EFBC}") = "De3", "De3\De3.csproj", "{883EBEB1-76D6-4333-8F82-8FB95E1DCDF3}"
EndProject
Global
	GlobalSection(SolutionConfigurationPlatforms) = preSolution
		Debug|Any CPU = Debug|Any CPU
		Release|Any CPU = Release|Any CPU
	EndGlobalSection
	GlobalSection(ProjectConfigurationPlatforms) = postSolution
		{883EBEB1-76D6-4333-8F82-8FB95E1DCDF3}.Debug|Any CPU.ActiveCfg = Debug|Any CPU
		{883EBEB1-76D6-4333-8F82-8FB95E1DCDF3}.Debug|Any CPU.Build.0 = Debug|Any CPU
		{883EBEB1-76D6-4333-8F82-8FB95E1DCDF3}.Release|Any CPU.ActiveCfg = Release|Any CPU
		{883EBEB1-76D6-4333-8F82-8FB95E1DCDF3}.Release|Any CPU.Build.0 = Release|Any CPU
	EndGlobalSection
	GlobalSection(SolutionProperties) = preSolution
		HideSolutionNode = FALSE
	EndGlobalSection
	GlobalSection(ExtensibilityGlobals) = postSolution
		SolutionGuid = {6826B2C3-1D17-408B-A4B2-9D95A12FC62E}
	EndGlobalSection
EndGlobal
