
Microsoft Visual Studio Solution File, Format Version 12.00
# Visual Studio Version 17
VisualStudioVersion = 17.10.35122.118
MinimumVisualStudioVersion = 10.0.40219.1
Project("{FAE04EC0-301F-11D3-BF4B-00C04F79EFBC}") = "WebBanVaLiN05", "WebBanVaLiN05\WebBanVaLiN05.csproj", "{DB1E192F-C42F-4319-BBCB-C28A651B715B}"
EndProject
Global
	GlobalSection(SolutionConfigurationPlatforms) = preSolution
		Debug|Any CPU = Debug|Any CPU
		Release|Any CPU = Release|Any CPU
	EndGlobalSection
	GlobalSection(ProjectConfigurationPlatforms) = postSolution
		{DB1E192F-C42F-4319-BBCB-C28A651B715B}.Debug|Any CPU.ActiveCfg = Debug|Any CPU
		{DB1E192F-C42F-4319-BBCB-C28A651B715B}.Debug|Any CPU.Build.0 = Debug|Any CPU
		{DB1E192F-C42F-4319-BBCB-C28A651B715B}.Release|Any CPU.ActiveCfg = Release|Any CPU
		{DB1E192F-C42F-4319-BBCB-C28A651B715B}.Release|Any CPU.Build.0 = Release|Any CPU
	EndGlobalSection
	GlobalSection(SolutionProperties) = preSolution
		HideSolutionNode = FALSE
	EndGlobalSection
	GlobalSection(ExtensibilityGlobals) = postSolution
		SolutionGuid = {75E827A5-6DAD-4CC9-8CD9-131F76AB0303}
	EndGlobalSection
EndGlobal
