
Microsoft Visual Studio Solution File, Format Version 12.00
# Visual Studio Version 17
VisualStudioVersion = 17.11.35208.52
MinimumVisualStudioVersion = 10.0.40219.1
Project("{FAE04EC0-301F-11D3-BF4B-00C04F79EFBC}") = "ThucHanhweb", "ThucHanhweb\ThucHanhweb.csproj", "{FD64D84E-20C8-40C0-9AFD-B1078C026AF3}"
EndProject
Global
	GlobalSection(SolutionConfigurationPlatforms) = preSolution
		Debug|Any CPU = Debug|Any CPU
		Release|Any CPU = Release|Any CPU
	EndGlobalSection
	GlobalSection(ProjectConfigurationPlatforms) = postSolution
		{FD64D84E-20C8-40C0-9AFD-B1078C026AF3}.Debug|Any CPU.ActiveCfg = Debug|Any CPU
		{FD64D84E-20C8-40C0-9AFD-B1078C026AF3}.Debug|Any CPU.Build.0 = Debug|Any CPU
		{FD64D84E-20C8-40C0-9AFD-B1078C026AF3}.Release|Any CPU.ActiveCfg = Release|Any CPU
		{FD64D84E-20C8-40C0-9AFD-B1078C026AF3}.Release|Any CPU.Build.0 = Release|Any CPU
	EndGlobalSection
	GlobalSection(SolutionProperties) = preSolution
		HideSolutionNode = FALSE
	EndGlobalSection
	GlobalSection(ExtensibilityGlobals) = postSolution
		SolutionGuid = {C4448A78-9037-48A4-993F-0666E6BB1253}
	EndGlobalSection
EndGlobal
