
Microsoft Visual Studio Solution File, Format Version 12.00
# Visual Studio Version 17
VisualStudioVersion = 17.11.35431.28
MinimumVisualStudioVersion = 10.0.40219.1
Project("{FAE04EC0-301F-11D3-BF4B-00C04F79EFBC}") = "KtraKTHP", "KtraKTHP\KtraKTHP.csproj", "{D9FD0ADA-C4AC-40C0-A943-EACB29E3C08B}"
EndProject
Global
	GlobalSection(SolutionConfigurationPlatforms) = preSolution
		Debug|Any CPU = Debug|Any CPU
		Release|Any CPU = Release|Any CPU
	EndGlobalSection
	GlobalSection(ProjectConfigurationPlatforms) = postSolution
		{D9FD0ADA-C4AC-40C0-A943-EACB29E3C08B}.Debug|Any CPU.ActiveCfg = Debug|Any CPU
		{D9FD0ADA-C4AC-40C0-A943-EACB29E3C08B}.Debug|Any CPU.Build.0 = Debug|Any CPU
		{D9FD0ADA-C4AC-40C0-A943-EACB29E3C08B}.Release|Any CPU.ActiveCfg = Release|Any CPU
		{D9FD0ADA-C4AC-40C0-A943-EACB29E3C08B}.Release|Any CPU.Build.0 = Release|Any CPU
	EndGlobalSection
	GlobalSection(SolutionProperties) = preSolution
		HideSolutionNode = FALSE
	EndGlobalSection
	GlobalSection(ExtensibilityGlobals) = postSolution
		SolutionGuid = {6F7A36A4-A0C4-419A-BFA6-E521F0351B60}
	EndGlobalSection
EndGlobal
