
Microsoft Visual Studio Solution File, Format Version 12.00
# Visual Studio Version 17
VisualStudioVersion = 17.11.35431.28
MinimumVisualStudioVersion = 10.0.40219.1
Project("{FAE04EC0-301F-11D3-BF4B-00C04F79EFBC}") = "Temp17", "Temp17\Temp17.csproj", "{FC7CA807-BAB3-4626-B4CB-27C2FD012A51}"
EndProject
Global
	GlobalSection(SolutionConfigurationPlatforms) = preSolution
		Debug|Any CPU = Debug|Any CPU
		Release|Any CPU = Release|Any CPU
	EndGlobalSection
	GlobalSection(ProjectConfigurationPlatforms) = postSolution
		{FC7CA807-BAB3-4626-B4CB-27C2FD012A51}.Debug|Any CPU.ActiveCfg = Debug|Any CPU
		{FC7CA807-BAB3-4626-B4CB-27C2FD012A51}.Debug|Any CPU.Build.0 = Debug|Any CPU
		{FC7CA807-BAB3-4626-B4CB-27C2FD012A51}.Release|Any CPU.ActiveCfg = Release|Any CPU
		{FC7CA807-BAB3-4626-B4CB-27C2FD012A51}.Release|Any CPU.Build.0 = Release|Any CPU
	EndGlobalSection
	GlobalSection(SolutionProperties) = preSolution
		HideSolutionNode = FALSE
	EndGlobalSection
	GlobalSection(ExtensibilityGlobals) = postSolution
		SolutionGuid = {60EDC896-02BF-412F-A9EC-C16CE98C71FF}
	EndGlobalSection
EndGlobal
