
Microsoft Visual Studio Solution File, Format Version 12.00
# Visual Studio Version 17
VisualStudioVersion = 17.11.35431.28
MinimumVisualStudioVersion = 10.0.40219.1
Project("{FAE04EC0-301F-11D3-BF4B-00C04F79EFBC}") = "Temp12", "Temp12\Temp12.csproj", "{D22A787E-2F7C-4C8D-B390-E4CEABC76842}"
EndProject
Global
	GlobalSection(SolutionConfigurationPlatforms) = preSolution
		Debug|Any CPU = Debug|Any CPU
		Release|Any CPU = Release|Any CPU
	EndGlobalSection
	GlobalSection(ProjectConfigurationPlatforms) = postSolution
		{D22A787E-2F7C-4C8D-B390-E4CEABC76842}.Debug|Any CPU.ActiveCfg = Debug|Any CPU
		{D22A787E-2F7C-4C8D-B390-E4CEABC76842}.Debug|Any CPU.Build.0 = Debug|Any CPU
		{D22A787E-2F7C-4C8D-B390-E4CEABC76842}.Release|Any CPU.ActiveCfg = Release|Any CPU
		{D22A787E-2F7C-4C8D-B390-E4CEABC76842}.Release|Any CPU.Build.0 = Release|Any CPU
	EndGlobalSection
	GlobalSection(SolutionProperties) = preSolution
		HideSolutionNode = FALSE
	EndGlobalSection
	GlobalSection(ExtensibilityGlobals) = postSolution
		SolutionGuid = {F156D365-55ED-4464-9E20-55FC7B058522}
	EndGlobalSection
EndGlobal
