
Microsoft Visual Studio Solution File, Format Version 12.00
# Visual Studio Version 17
VisualStudioVersion = 17.11.35312.102
MinimumVisualStudioVersion = 10.0.40219.1
Project("{FAE04EC0-301F-11D3-BF4B-00C04F79EFBC}") = "TestKT2", "TestKT2\TestKT2.csproj", "{8235593C-F9ED-47C2-BD79-5F39A25CA3D5}"
EndProject
Global
	GlobalSection(SolutionConfigurationPlatforms) = preSolution
		Debug|Any CPU = Debug|Any CPU
		Release|Any CPU = Release|Any CPU
	EndGlobalSection
	GlobalSection(ProjectConfigurationPlatforms) = postSolution
		{8235593C-F9ED-47C2-BD79-5F39A25CA3D5}.Debug|Any CPU.ActiveCfg = Debug|Any CPU
		{8235593C-F9ED-47C2-BD79-5F39A25CA3D5}.Debug|Any CPU.Build.0 = Debug|Any CPU
		{8235593C-F9ED-47C2-BD79-5F39A25CA3D5}.Release|Any CPU.ActiveCfg = Release|Any CPU
		{8235593C-F9ED-47C2-BD79-5F39A25CA3D5}.Release|Any CPU.Build.0 = Release|Any CPU
	EndGlobalSection
	GlobalSection(SolutionProperties) = preSolution
		HideSolutionNode = FALSE
	EndGlobalSection
	GlobalSection(ExtensibilityGlobals) = postSolution
		SolutionGuid = {2179D9C0-8327-46F2-ABD0-590C9E89F048}
	EndGlobalSection
EndGlobal
