
Microsoft Visual Studio Solution File, Format Version 12.00
# Visual Studio Version 17
VisualStudioVersion = 17.10.35122.118
MinimumVisualStudioVersion = 10.0.40219.1
Project("{9A19103F-16F7-4668-BE54-9A1E7A4F7556}") = "BaiKtra1", "BaiKtra1\BaiKtra1.csproj", "{92A8F928-1505-4FE0-B07A-C4FA087ACB54}"
EndProject
Global
	GlobalSection(SolutionConfigurationPlatforms) = preSolution
		Debug|Any CPU = Debug|Any CPU
		Release|Any CPU = Release|Any CPU
	EndGlobalSection
	GlobalSection(ProjectConfigurationPlatforms) = postSolution
		{92A8F928-1505-4FE0-B07A-C4FA087ACB54}.Debug|Any CPU.ActiveCfg = Debug|Any CPU
		{92A8F928-1505-4FE0-B07A-C4FA087ACB54}.Debug|Any CPU.Build.0 = Debug|Any CPU
		{92A8F928-1505-4FE0-B07A-C4FA087ACB54}.Release|Any CPU.ActiveCfg = Release|Any CPU
		{92A8F928-1505-4FE0-B07A-C4FA087ACB54}.Release|Any CPU.Build.0 = Release|Any CPU
	EndGlobalSection
	GlobalSection(SolutionProperties) = preSolution
		HideSolutionNode = FALSE
	EndGlobalSection
	GlobalSection(ExtensibilityGlobals) = postSolution
		SolutionGuid = {C4FD78E9-752B-443F-8FA6-B0E193F3CE0C}
	EndGlobalSection
EndGlobal
