
Microsoft Visual Studio Solution File, Format Version 12.00
# Visual Studio Version 17
VisualStudioVersion = 17.11.35208.52
MinimumVisualStudioVersion = 10.0.40219.1
Project("{FAE04EC0-301F-11D3-BF4B-00C04F79EFBC}") = "test20_8_lttq", "test20_8_lttq\test20_8_lttq.csproj", "{96596154-B3A1-48F2-BF1E-C1DAA56B8AD3}"
EndProject
Global
	GlobalSection(SolutionConfigurationPlatforms) = preSolution
		Debug|Any CPU = Debug|Any CPU
		Release|Any CPU = Release|Any CPU
	EndGlobalSection
	GlobalSection(ProjectConfigurationPlatforms) = postSolution
		{96596154-B3A1-48F2-BF1E-C1DAA56B8AD3}.Debug|Any CPU.ActiveCfg = Debug|Any CPU
		{96596154-B3A1-48F2-BF1E-C1DAA56B8AD3}.Debug|Any CPU.Build.0 = Debug|Any CPU
		{96596154-B3A1-48F2-BF1E-C1DAA56B8AD3}.Release|Any CPU.ActiveCfg = Release|Any CPU
		{96596154-B3A1-48F2-BF1E-C1DAA56B8AD3}.Release|Any CPU.Build.0 = Release|Any CPU
	EndGlobalSection
	GlobalSection(SolutionProperties) = preSolution
		HideSolutionNode = FALSE
	EndGlobalSection
	GlobalSection(ExtensibilityGlobals) = postSolution
		SolutionGuid = {269A88D8-80BE-4638-9531-0809ACF61C44}
	EndGlobalSection
EndGlobal
