
Microsoft Visual Studio Solution File, Format Version 12.00
# Visual Studio Version 17
VisualStudioVersion = 17.11.35327.3
MinimumVisualStudioVersion = 10.0.40219.1
Project("{FAE04EC0-301F-11D3-BF4B-00C04F79EFBC}") = "KtraLtweb", "KtraLtweb\KtraLtweb.csproj", "{182C351C-ED27-462D-AB28-2F34E6CAE436}"
EndProject
Global
	GlobalSection(SolutionConfigurationPlatforms) = preSolution
		Debug|Any CPU = Debug|Any CPU
		Release|Any CPU = Release|Any CPU
	EndGlobalSection
	GlobalSection(ProjectConfigurationPlatforms) = postSolution
		{182C351C-ED27-462D-AB28-2F34E6CAE436}.Debug|Any CPU.ActiveCfg = Debug|Any CPU
		{182C351C-ED27-462D-AB28-2F34E6CAE436}.Debug|Any CPU.Build.0 = Debug|Any CPU
		{182C351C-ED27-462D-AB28-2F34E6CAE436}.Release|Any CPU.ActiveCfg = Release|Any CPU
		{182C351C-ED27-462D-AB28-2F34E6CAE436}.Release|Any CPU.Build.0 = Release|Any CPU
	EndGlobalSection
	GlobalSection(SolutionProperties) = preSolution
		HideSolutionNode = FALSE
	EndGlobalSection
	GlobalSection(ExtensibilityGlobals) = postSolution
		SolutionGuid = {C4FD17A4-AC93-4866-A359-C043C49C386E}
	EndGlobalSection
EndGlobal
