
Microsoft Visual Studio Solution File, Format Version 12.00
# Visual Studio Version 17
VisualStudioVersion = 17.11.35327.3
MinimumVisualStudioVersion = 10.0.40219.1
Project("{FAE04EC0-301F-11D3-BF4B-00C04F79EFBC}") = "WebApplication17", "WebApplication17\WebApplication17.csproj", "{347B754D-739A-48BF-A621-14B8338C7B31}"
EndProject
Global
	GlobalSection(SolutionConfigurationPlatforms) = preSolution
		Debug|Any CPU = Debug|Any CPU
		Release|Any CPU = Release|Any CPU
	EndGlobalSection
	GlobalSection(ProjectConfigurationPlatforms) = postSolution
		{347B754D-739A-48BF-A621-14B8338C7B31}.Debug|Any CPU.ActiveCfg = Debug|Any CPU
		{347B754D-739A-48BF-A621-14B8338C7B31}.Debug|Any CPU.Build.0 = Debug|Any CPU
		{347B754D-739A-48BF-A621-14B8338C7B31}.Release|Any CPU.ActiveCfg = Release|Any CPU
		{347B754D-739A-48BF-A621-14B8338C7B31}.Release|Any CPU.Build.0 = Release|Any CPU
	EndGlobalSection
	GlobalSection(SolutionProperties) = preSolution
		HideSolutionNode = FALSE
	EndGlobalSection
	GlobalSection(ExtensibilityGlobals) = postSolution
		SolutionGuid = {AEE269D6-F200-4C3F-B532-A679C371EC9E}
	EndGlobalSection
EndGlobal
