
Microsoft Visual Studio Solution File, Format Version 12.00
# Visual Studio Version 17
VisualStudioVersion = 17.11.35208.52
MinimumVisualStudioVersion = 10.0.40219.1
Project("{FAE04EC0-301F-11D3-BF4B-00C04F79EFBC}") = "WebBanVaLiN05", "WebBanVaLiN05\WebBanVaLiN05.csproj", "{073A45B2-6373-4928-BB63-AB9974E384BD}"
EndProject
Global
	GlobalSection(SolutionConfigurationPlatforms) = preSolution
		Debug|Any CPU = Debug|Any CPU
		Release|Any CPU = Release|Any CPU
	EndGlobalSection
	GlobalSection(ProjectConfigurationPlatforms) = postSolution
		{073A45B2-6373-4928-BB63-AB9974E384BD}.Debug|Any CPU.ActiveCfg = Debug|Any CPU
		{073A45B2-6373-4928-BB63-AB9974E384BD}.Debug|Any CPU.Build.0 = Debug|Any CPU
		{073A45B2-6373-4928-BB63-AB9974E384BD}.Release|Any CPU.ActiveCfg = Release|Any CPU
		{073A45B2-6373-4928-BB63-AB9974E384BD}.Release|Any CPU.Build.0 = Release|Any CPU
	EndGlobalSection
	GlobalSection(SolutionProperties) = preSolution
		HideSolutionNode = FALSE
	EndGlobalSection
	GlobalSection(ExtensibilityGlobals) = postSolution
		SolutionGuid = {615E702C-A063-45F2-B10E-7D2F5C360D7D}
	EndGlobalSection
EndGlobal
